# THIS IS AN AUTOGENERATED FILE. DO NOT EDIT THIS FILE DIRECTLY.
# yarn lockfile v1


dayjs@^1.10.2:
  version "1.10.2"
  resolved "https://registry.npm.taobao.org/dayjs/download/dayjs-1.10.2.tgz#8f3a424ceb944a8193506804b0045a773d2d0672"
  integrity sha1-jzpCTOuUSoGTUGgEsARadz0tBnI=

vue@^2.6.12:
  version "2.6.12"
  resolved "https://registry.npm.taobao.org/vue/download/vue-2.6.12.tgz#f5ebd4fa6bd2869403e29a896aed4904456c9123"
  integrity sha1-9evU+mvShpQD4pqJau1JBEVskSM=
