{
  "requires": true,
  "lockfileVersion": 1,
  "dependencies": {
    "nzh": {
      "version": "1.0.4",
      "resolved": "https://registry.npmjs.org/nzh/-/nzh-1.0.4.tgz",
      "integrity": "sha512-A1qQSJTctuzmNlAAqV8AcvcOcsGn0iBbRn2Jhw4KkEFCDkXd5YV7SkfPQ6fw6fGVtJzo6++sGS/W1JZizRmCNQ=="
    }
  }
}
